
Microsoft Visual Studio Solution File, Format Version 12.00
# Visual Studio Version 17
VisualStudioVersion = 17.6.33815.320
MinimumVisualStudioVersion = 10.0.40219.1
Project("{FAE04EC0-301F-11D3-BF4B-00C04F79EFBC}") = "CSharpFundamentalsPartOne", "CSharpFundamentalsPartOne\CSharpFundamentalsPartOne.csproj", "{B9863FB5-8E3B-49EF-BAA6-8361CD97EA34}"
EndProject
Global
	GlobalSection(SolutionConfigurationPlatforms) = preSolution
		Debug|Any CPU = Debug|Any CPU
		Release|Any CPU = Release|Any CPU
	EndGlobalSection
	GlobalSection(ProjectConfigurationPlatforms) = postSolution
		{B9863FB5-8E3B-49EF-BAA6-8361CD97EA34}.Debug|Any CPU.ActiveCfg = Debug|Any CPU
		{B9863FB5-8E3B-49EF-BAA6-8361CD97EA34}.Debug|Any CPU.Build.0 = Debug|Any CPU
		{B9863FB5-8E3B-49EF-BAA6-8361CD97EA34}.Release|Any CPU.ActiveCfg = Release|Any CPU
		{B9863FB5-8E3B-49EF-BAA6-8361CD97EA34}.Release|Any CPU.Build.0 = Release|Any CPU
	EndGlobalSection
	GlobalSection(SolutionProperties) = preSolution
		HideSolutionNode = FALSE
	EndGlobalSection
	GlobalSection(ExtensibilityGlobals) = postSolution
		SolutionGuid = {D1DDCB49-3C65-4787-901A-38CE5514DABD}
	EndGlobalSection
EndGlobal
